
Microsoft Visual Studio Solution File, Format Version 12.00
# Visual Studio Version 16
VisualStudioVersion = 16.0.30517.126
MinimumVisualStudioVersion = 10.0.40219.1
Project("{9A19103F-16F7-4668-BE54-9A1E7A4F7556}") = "SharifBox.Api", "SharifBox.Api\SharifBox.Api.csproj", "{88FD2E8A-3D81-44C9-A097-E724C81C55EE}"
EndProject
Project("{9A19103F-16F7-4668-BE54-9A1E7A4F7556}") = "ApiGateway", "ApiGateway\ApiGateway.csproj", "{0A26CE64-A694-4E1F-98A2-D90C4DB2D25B}"
EndProject
Project("{2150E333-8FDC-42A3-9474-1A3956D46DE8}") = "Class Libraries", "Class Libraries", "{358095B2-9B01-476E-8512-D0418711775C}"
EndProject
Project("{2150E333-8FDC-42A3-9474-1A3956D46DE8}") = "Services", "Services", "{6D97E3A9-F4B0-4B43-A4F6-1D271B994E83}"
EndProject
Project("{9A19103F-16F7-4668-BE54-9A1E7A4F7556}") = "ErrorDescriber", "Class Libraries\ErrorDescriber\ErrorDescriber.csproj", "{58F9CCB1-660F-445F-8BF0-4CC5FDFDBF5C}"
EndProject
Project("{9A19103F-16F7-4668-BE54-9A1E7A4F7556}") = "JwtAuthorization", "Class Libraries\JwtAuthorization\JwtAuthorization.csproj", "{2F32937C-B818-4302-A72E-4EEDDCC7C942}"
EndProject
Project("{9A19103F-16F7-4668-BE54-9A1E7A4F7556}") = "PersianDate", "Class Libraries\PersianDate\PersianDate.csproj", "{A49B888E-19A0-47D6-86DD-B8C7C4310513}"
EndProject
Project("{9A19103F-16F7-4668-BE54-9A1E7A4F7556}") = "SharifBox.Repository", "Class Libraries\SharifBox.Repository\SharifBox.Repository.csproj", "{E310ED0A-9110-4681-AC9F-D4C1BEB06789}"
EndProject
Project("{9A19103F-16F7-4668-BE54-9A1E7A4F7556}") = "IdentityApi", "Services\IdentityApi\IdentityApi.csproj", "{BFCDD91D-B0E9-4A89-8348-9291D4CCE536}"
EndProject
Project("{9A19103F-16F7-4668-BE54-9A1E7A4F7556}") = "NewsApi", "Services\News.Api\NewsApi.csproj", "{FF3A500A-218E-42A2-864A-417DBB73EB9C}"
EndProject
Project("{9A19103F-16F7-4668-BE54-9A1E7A4F7556}") = "TeamApi", "Services\TeamApi\TeamApi.csproj", "{59BE77DE-47E5-4644-BBB7-8777DF1054DC}"
EndProject
Project("{9A19103F-16F7-4668-BE54-9A1E7A4F7556}") = "UserApi", "Services\UserApi\UserApi.csproj", "{DC1A3BA1-FF4A-4DB1-8BA5-3E144744164B}"
EndProject
Project("{9A19103F-16F7-4668-BE54-9A1E7A4F7556}") = "EventBusRabbitMQ", "Class Libraries\EventBusRabbitMQ\EventBusRabbitMQ.csproj", "{289154AA-2221-45D4-B2DF-6E7C2873B235}"
EndProject
Project("{9A19103F-16F7-4668-BE54-9A1E7A4F7556}") = "SpaceApi", "Services\SpaceApi\SpaceApi.csproj", "{AED03205-60C5-4B29-AA2A-B99F40B09FE6}"
EndProject
Project("{9A19103F-16F7-4668-BE54-9A1E7A4F7556}") = "SwaggerOption", "SwaggerOption\SwaggerOption.csproj", "{E19CA82B-DFE4-4902-AD60-7892BFC85870}"
EndProject
Project("{9A19103F-16F7-4668-BE54-9A1E7A4F7556}") = "FileAPI", "Services\FileAPI\FileAPI.csproj", "{40765F61-9557-4F29-8468-CDB5DD1299E1}"
EndProject
Project("{FAE04EC0-301F-11D3-BF4B-00C04F79EFBC}") = "Shared", "Class Libraries\Shared\Shared.csproj", "{22EB61C0-68BD-4B24-A704-7805AEA127EF}"
EndProject
Global
	GlobalSection(SolutionConfigurationPlatforms) = preSolution
		Debug|Any CPU = Debug|Any CPU
		Release|Any CPU = Release|Any CPU
	EndGlobalSection
	GlobalSection(ProjectConfigurationPlatforms) = postSolution
		{88FD2E8A-3D81-44C9-A097-E724C81C55EE}.Debug|Any CPU.ActiveCfg = Debug|Any CPU
		{88FD2E8A-3D81-44C9-A097-E724C81C55EE}.Debug|Any CPU.Build.0 = Debug|Any CPU
		{88FD2E8A-3D81-44C9-A097-E724C81C55EE}.Release|Any CPU.ActiveCfg = Release|Any CPU
		{88FD2E8A-3D81-44C9-A097-E724C81C55EE}.Release|Any CPU.Build.0 = Release|Any CPU
		{0A26CE64-A694-4E1F-98A2-D90C4DB2D25B}.Debug|Any CPU.ActiveCfg = Debug|Any CPU
		{0A26CE64-A694-4E1F-98A2-D90C4DB2D25B}.Debug|Any CPU.Build.0 = Debug|Any CPU
		{0A26CE64-A694-4E1F-98A2-D90C4DB2D25B}.Release|Any CPU.ActiveCfg = Release|Any CPU
		{0A26CE64-A694-4E1F-98A2-D90C4DB2D25B}.Release|Any CPU.Build.0 = Release|Any CPU
		{58F9CCB1-660F-445F-8BF0-4CC5FDFDBF5C}.Debug|Any CPU.ActiveCfg = Debug|Any CPU
		{58F9CCB1-660F-445F-8BF0-4CC5FDFDBF5C}.Debug|Any CPU.Build.0 = Debug|Any CPU
		{58F9CCB1-660F-445F-8BF0-4CC5FDFDBF5C}.Release|Any CPU.ActiveCfg = Release|Any CPU
		{58F9CCB1-660F-445F-8BF0-4CC5FDFDBF5C}.Release|Any CPU.Build.0 = Release|Any CPU
		{2F32937C-B818-4302-A72E-4EEDDCC7C942}.Debug|Any CPU.ActiveCfg = Debug|Any CPU
		{2F32937C-B818-4302-A72E-4EEDDCC7C942}.Debug|Any CPU.Build.0 = Debug|Any CPU
		{2F32937C-B818-4302-A72E-4EEDDCC7C942}.Release|Any CPU.ActiveCfg = Release|Any CPU
		{2F32937C-B818-4302-A72E-4EEDDCC7C942}.Release|Any CPU.Build.0 = Release|Any CPU
		{A49B888E-19A0-47D6-86DD-B8C7C4310513}.Debug|Any CPU.ActiveCfg = Debug|Any CPU
		{A49B888E-19A0-47D6-86DD-B8C7C4310513}.Debug|Any CPU.Build.0 = Debug|Any CPU
		{A49B888E-19A0-47D6-86DD-B8C7C4310513}.Release|Any CPU.ActiveCfg = Release|Any CPU
		{A49B888E-19A0-47D6-86DD-B8C7C4310513}.Release|Any CPU.Build.0 = Release|Any CPU
		{E310ED0A-9110-4681-AC9F-D4C1BEB06789}.Debug|Any CPU.ActiveCfg = Debug|Any CPU
		{E310ED0A-9110-4681-AC9F-D4C1BEB06789}.Debug|Any CPU.Build.0 = Debug|Any CPU
		{E310ED0A-9110-4681-AC9F-D4C1BEB06789}.Release|Any CPU.ActiveCfg = Release|Any CPU
		{E310ED0A-9110-4681-AC9F-D4C1BEB06789}.Release|Any CPU.Build.0 = Release|Any CPU
		{BFCDD91D-B0E9-4A89-8348-9291D4CCE536}.Debug|Any CPU.ActiveCfg = Debug|Any CPU
		{BFCDD91D-B0E9-4A89-8348-9291D4CCE536}.Debug|Any CPU.Build.0 = Debug|Any CPU
		{BFCDD91D-B0E9-4A89-8348-9291D4CCE536}.Release|Any CPU.ActiveCfg = Release|Any CPU
		{BFCDD91D-B0E9-4A89-8348-9291D4CCE536}.Release|Any CPU.Build.0 = Release|Any CPU
		{FF3A500A-218E-42A2-864A-417DBB73EB9C}.Debug|Any CPU.ActiveCfg = Debug|Any CPU
		{FF3A500A-218E-42A2-864A-417DBB73EB9C}.Debug|Any CPU.Build.0 = Debug|Any CPU
		{FF3A500A-218E-42A2-864A-417DBB73EB9C}.Release|Any CPU.ActiveCfg = Release|Any CPU
		{FF3A500A-218E-42A2-864A-417DBB73EB9C}.Release|Any CPU.Build.0 = Release|Any CPU
		{59BE77DE-47E5-4644-BBB7-8777DF1054DC}.Debug|Any CPU.ActiveCfg = Debug|Any CPU
		{59BE77DE-47E5-4644-BBB7-8777DF1054DC}.Debug|Any CPU.Build.0 = Debug|Any CPU
		{59BE77DE-47E5-4644-BBB7-8777DF1054DC}.Release|Any CPU.ActiveCfg = Release|Any CPU
		{59BE77DE-47E5-4644-BBB7-8777DF1054DC}.Release|Any CPU.Build.0 = Release|Any CPU
		{DC1A3BA1-FF4A-4DB1-8BA5-3E144744164B}.Debug|Any CPU.ActiveCfg = Debug|Any CPU
		{DC1A3BA1-FF4A-4DB1-8BA5-3E144744164B}.Debug|Any CPU.Build.0 = Debug|Any CPU
		{DC1A3BA1-FF4A-4DB1-8BA5-3E144744164B}.Release|Any CPU.ActiveCfg = Release|Any CPU
		{DC1A3BA1-FF4A-4DB1-8BA5-3E144744164B}.Release|Any CPU.Build.0 = Release|Any CPU
		{289154AA-2221-45D4-B2DF-6E7C2873B235}.Debug|Any CPU.ActiveCfg = Debug|Any CPU
		{289154AA-2221-45D4-B2DF-6E7C2873B235}.Debug|Any CPU.Build.0 = Debug|Any CPU
		{289154AA-2221-45D4-B2DF-6E7C2873B235}.Release|Any CPU.ActiveCfg = Release|Any CPU
		{289154AA-2221-45D4-B2DF-6E7C2873B235}.Release|Any CPU.Build.0 = Release|Any CPU
		{AED03205-60C5-4B29-AA2A-B99F40B09FE6}.Debug|Any CPU.ActiveCfg = Debug|Any CPU
		{AED03205-60C5-4B29-AA2A-B99F40B09FE6}.Debug|Any CPU.Build.0 = Debug|Any CPU
		{AED03205-60C5-4B29-AA2A-B99F40B09FE6}.Release|Any CPU.ActiveCfg = Release|Any CPU
		{AED03205-60C5-4B29-AA2A-B99F40B09FE6}.Release|Any CPU.Build.0 = Release|Any CPU
		{E19CA82B-DFE4-4902-AD60-7892BFC85870}.Debug|Any CPU.ActiveCfg = Debug|Any CPU
		{E19CA82B-DFE4-4902-AD60-7892BFC85870}.Debug|Any CPU.Build.0 = Debug|Any CPU
		{E19CA82B-DFE4-4902-AD60-7892BFC85870}.Release|Any CPU.ActiveCfg = Release|Any CPU
		{E19CA82B-DFE4-4902-AD60-7892BFC85870}.Release|Any CPU.Build.0 = Release|Any CPU
		{40765F61-9557-4F29-8468-CDB5DD1299E1}.Debug|Any CPU.ActiveCfg = Debug|Any CPU
		{40765F61-9557-4F29-8468-CDB5DD1299E1}.Debug|Any CPU.Build.0 = Debug|Any CPU
		{40765F61-9557-4F29-8468-CDB5DD1299E1}.Release|Any CPU.ActiveCfg = Release|Any CPU
		{40765F61-9557-4F29-8468-CDB5DD1299E1}.Release|Any CPU.Build.0 = Release|Any CPU
		{22EB61C0-68BD-4B24-A704-7805AEA127EF}.Debug|Any CPU.ActiveCfg = Debug|Any CPU
		{22EB61C0-68BD-4B24-A704-7805AEA127EF}.Debug|Any CPU.Build.0 = Debug|Any CPU
		{22EB61C0-68BD-4B24-A704-7805AEA127EF}.Release|Any CPU.ActiveCfg = Release|Any CPU
		{22EB61C0-68BD-4B24-A704-7805AEA127EF}.Release|Any CPU.Build.0 = Release|Any CPU
	EndGlobalSection
	GlobalSection(SolutionProperties) = preSolution
		HideSolutionNode = FALSE
	EndGlobalSection
	GlobalSection(NestedProjects) = preSolution
		{58F9CCB1-660F-445F-8BF0-4CC5FDFDBF5C} = {358095B2-9B01-476E-8512-D0418711775C}
		{2F32937C-B818-4302-A72E-4EEDDCC7C942} = {358095B2-9B01-476E-8512-D0418711775C}
		{A49B888E-19A0-47D6-86DD-B8C7C4310513} = {358095B2-9B01-476E-8512-D0418711775C}
		{E310ED0A-9110-4681-AC9F-D4C1BEB06789} = {358095B2-9B01-476E-8512-D0418711775C}
		{BFCDD91D-B0E9-4A89-8348-9291D4CCE536} = {6D97E3A9-F4B0-4B43-A4F6-1D271B994E83}
		{FF3A500A-218E-42A2-864A-417DBB73EB9C} = {6D97E3A9-F4B0-4B43-A4F6-1D271B994E83}
		{59BE77DE-47E5-4644-BBB7-8777DF1054DC} = {6D97E3A9-F4B0-4B43-A4F6-1D271B994E83}
		{DC1A3BA1-FF4A-4DB1-8BA5-3E144744164B} = {6D97E3A9-F4B0-4B43-A4F6-1D271B994E83}
		{289154AA-2221-45D4-B2DF-6E7C2873B235} = {358095B2-9B01-476E-8512-D0418711775C}
		{AED03205-60C5-4B29-AA2A-B99F40B09FE6} = {6D97E3A9-F4B0-4B43-A4F6-1D271B994E83}
		{E19CA82B-DFE4-4902-AD60-7892BFC85870} = {358095B2-9B01-476E-8512-D0418711775C}
		{40765F61-9557-4F29-8468-CDB5DD1299E1} = {6D97E3A9-F4B0-4B43-A4F6-1D271B994E83}
		{22EB61C0-68BD-4B24-A704-7805AEA127EF} = {358095B2-9B01-476E-8512-D0418711775C}
	EndGlobalSection
	GlobalSection(ExtensibilityGlobals) = postSolution
		SolutionGuid = {1544D9F5-6AE7-4072-87A9-91E4A7D48FE5}
	EndGlobalSection
EndGlobal
